
Microsoft Visual Studio Solution File, Format Version 12.00
# Visual Studio Version 17
VisualStudioVersion = 17.11.35327.3
MinimumVisualStudioVersion = 10.0.40219.1
Project("{2150E333-8FDC-42A3-9474-1A3956D46DE8}") = "src", "src", "{EE294EBA-642A-4BF1-8771-D41321985B1C}"
EndProject
Project("{2150E333-8FDC-42A3-9474-1A3956D46DE8}") = "test", "test", "{E9FDB016-F480-49FC-B107-F11BFC96487F}"
EndProject
Project("{D954291E-2A0B-460D-934E-DC6B0785DB48}") = "Cecil.AspectN", "src\Shared.Cecil.AspectN\Cecil.AspectN.shproj", "{DA6B6E9A-B485-4391-9934-CF0CFF653BB8}"
EndProject
Project("{FAE04EC0-301F-11D3-BF4B-00C04F79EFBC}") = "Tests", "test\Tests\Tests.csproj", "{EB2B24A1-7C7C-405A-B132-C26BAAC536D9}"
EndProject
Project("{2150E333-8FDC-42A3-9474-1A3956D46DE8}") = "TestAssemblies", "TestAssemblies", "{197E471A-7656-4718-A944-D208943C84B9}"
EndProject
Project("{FAE04EC0-301F-11D3-BF4B-00C04F79EFBC}") = "Lib1", "test\TestAssemblies\Lib1\Lib1.csproj", "{FB43BEEB-B922-49E6-B9A0-7B48354C4850}"
EndProject
Project("{2150E333-8FDC-42A3-9474-1A3956D46DE8}") = "_SolutionItems", "_SolutionItems", "{78955F9D-9A00-4D14-9955-F5DCDD8A1BDC}"
	ProjectSection(SolutionItems) = preProject
		README.md = README.md
		README_en.md = README_en.md
	EndProjectSection
EndProject
Global
	GlobalSection(SolutionConfigurationPlatforms) = preSolution
		Debug|Any CPU = Debug|Any CPU
		Release|Any CPU = Release|Any CPU
	EndGlobalSection
	GlobalSection(ProjectConfigurationPlatforms) = postSolution
		{EB2B24A1-7C7C-405A-B132-C26BAAC536D9}.Debug|Any CPU.ActiveCfg = Debug|Any CPU
		{EB2B24A1-7C7C-405A-B132-C26BAAC536D9}.Debug|Any CPU.Build.0 = Debug|Any CPU
		{EB2B24A1-7C7C-405A-B132-C26BAAC536D9}.Release|Any CPU.ActiveCfg = Release|Any CPU
		{EB2B24A1-7C7C-405A-B132-C26BAAC536D9}.Release|Any CPU.Build.0 = Release|Any CPU
		{FB43BEEB-B922-49E6-B9A0-7B48354C4850}.Debug|Any CPU.ActiveCfg = Debug|Any CPU
		{FB43BEEB-B922-49E6-B9A0-7B48354C4850}.Debug|Any CPU.Build.0 = Debug|Any CPU
		{FB43BEEB-B922-49E6-B9A0-7B48354C4850}.Release|Any CPU.ActiveCfg = Release|Any CPU
		{FB43BEEB-B922-49E6-B9A0-7B48354C4850}.Release|Any CPU.Build.0 = Release|Any CPU
	EndGlobalSection
	GlobalSection(SolutionProperties) = preSolution
		HideSolutionNode = FALSE
	EndGlobalSection
	GlobalSection(NestedProjects) = preSolution
		{DA6B6E9A-B485-4391-9934-CF0CFF653BB8} = {EE294EBA-642A-4BF1-8771-D41321985B1C}
		{EB2B24A1-7C7C-405A-B132-C26BAAC536D9} = {E9FDB016-F480-49FC-B107-F11BFC96487F}
		{197E471A-7656-4718-A944-D208943C84B9} = {E9FDB016-F480-49FC-B107-F11BFC96487F}
		{FB43BEEB-B922-49E6-B9A0-7B48354C4850} = {197E471A-7656-4718-A944-D208943C84B9}
	EndGlobalSection
	GlobalSection(ExtensibilityGlobals) = postSolution
		SolutionGuid = {858EF65C-F6E9-4D75-ADA0-5F1E7DACF88D}
	EndGlobalSection
	GlobalSection(SharedMSBuildProjectFiles) = preSolution
		src\Shared.Cecil.AspectN\Cecil.AspectN.projitems*{da6b6e9a-b485-4391-9934-cf0cff653bb8}*SharedItemsImports = 13
		src\Shared.Cecil.AspectN\Cecil.AspectN.projitems*{eb2b24a1-7c7c-405a-b132-c26baac536d9}*SharedItemsImports = 5
	EndGlobalSection
EndGlobal
